
Microsoft Visual Studio Solution File, Format Version 12.00
# Visual Studio Version 17
VisualStudioVersion = 17.0.31903.59
MinimumVisualStudioVersion = 10.0.40219.1
Project("{FAE04EC0-301F-11D3-BF4B-00C04F79EFBC}") = "API", "API\API.csproj", "{A1B2B9C9-2654-436B-BA81-CE944084113F}"
EndProject
Project("{FAE04EC0-301F-11D3-BF4B-00C04F79EFBC}") = "Core", "Core\Core.csproj", "{E474ECCA-B366-457F-8B3F-E2F16A09FA44}"
EndProject
Project("{FAE04EC0-301F-11D3-BF4B-00C04F79EFBC}") = "Infrastructure", "Infrastructure\Infrastructure.csproj", "{3FD2E9AF-7A19-4FD5-BDA6-F2A4217A7D23}"
EndProject
Global
	GlobalSection(SolutionConfigurationPlatforms) = preSolution
		Debug|Any CPU = Debug|Any CPU
		Release|Any CPU = Release|Any CPU
	EndGlobalSection
	GlobalSection(SolutionProperties) = preSolution
		HideSolutionNode = FALSE
	EndGlobalSection
	GlobalSection(ProjectConfigurationPlatforms) = postSolution
		{A1B2B9C9-2654-436B-BA81-CE944084113F}.Debug|Any CPU.ActiveCfg = Debug|Any CPU
		{A1B2B9C9-2654-436B-BA81-CE944084113F}.Debug|Any CPU.Build.0 = Debug|Any CPU
		{A1B2B9C9-2654-436B-BA81-CE944084113F}.Release|Any CPU.ActiveCfg = Release|Any CPU
		{A1B2B9C9-2654-436B-BA81-CE944084113F}.Release|Any CPU.Build.0 = Release|Any CPU
		{E474ECCA-B366-457F-8B3F-E2F16A09FA44}.Debug|Any CPU.ActiveCfg = Debug|Any CPU
		{E474ECCA-B366-457F-8B3F-E2F16A09FA44}.Debug|Any CPU.Build.0 = Debug|Any CPU
		{E474ECCA-B366-457F-8B3F-E2F16A09FA44}.Release|Any CPU.ActiveCfg = Release|Any CPU
		{E474ECCA-B366-457F-8B3F-E2F16A09FA44}.Release|Any CPU.Build.0 = Release|Any CPU
		{3FD2E9AF-7A19-4FD5-BDA6-F2A4217A7D23}.Debug|Any CPU.ActiveCfg = Debug|Any CPU
		{3FD2E9AF-7A19-4FD5-BDA6-F2A4217A7D23}.Debug|Any CPU.Build.0 = Debug|Any CPU
		{3FD2E9AF-7A19-4FD5-BDA6-F2A4217A7D23}.Release|Any CPU.ActiveCfg = Release|Any CPU
		{3FD2E9AF-7A19-4FD5-BDA6-F2A4217A7D23}.Release|Any CPU.Build.0 = Release|Any CPU
	EndGlobalSection
EndGlobal
